
Microsoft Visual Studio Solution File, Format Version 12.00
# Visual Studio Version 17
VisualStudioVersion = 17.2.32526.322
MinimumVisualStudioVersion = 10.0.40219.1
Project("{FAE04EC0-301F-11D3-BF4B-00C04F79EFBC}") = "SeleniumExtensionLibrary", "SeleniumExtensionLibrary\SeleniumExtensionLibrary.csproj", "{8AA7916E-07F7-44AE-819A-B1F77BC5303D}"
EndProject
Project("{FAE04EC0-301F-11D3-BF4B-00C04F79EFBC}") = "TestNetCore", "TestNetCore\TestNetCore.csproj", "{BDB9276A-B8EE-4E38-B70B-716554CF884F}"
EndProject
Global
	GlobalSection(SolutionConfigurationPlatforms) = preSolution
		Debug|Any CPU = Debug|Any CPU
		Release|Any CPU = Release|Any CPU
	EndGlobalSection
	GlobalSection(ProjectConfigurationPlatforms) = postSolution
		{8AA7916E-07F7-44AE-819A-B1F77BC5303D}.Debug|Any CPU.ActiveCfg = Debug|Any CPU
		{8AA7916E-07F7-44AE-819A-B1F77BC5303D}.Debug|Any CPU.Build.0 = Debug|Any CPU
		{8AA7916E-07F7-44AE-819A-B1F77BC5303D}.Release|Any CPU.ActiveCfg = Release|Any CPU
		{8AA7916E-07F7-44AE-819A-B1F77BC5303D}.Release|Any CPU.Build.0 = Release|Any CPU
		{BDB9276A-B8EE-4E38-B70B-716554CF884F}.Debug|Any CPU.ActiveCfg = Debug|Any CPU
		{BDB9276A-B8EE-4E38-B70B-716554CF884F}.Debug|Any CPU.Build.0 = Debug|Any CPU
		{BDB9276A-B8EE-4E38-B70B-716554CF884F}.Release|Any CPU.ActiveCfg = Release|Any CPU
		{BDB9276A-B8EE-4E38-B70B-716554CF884F}.Release|Any CPU.Build.0 = Release|Any CPU
	EndGlobalSection
	GlobalSection(SolutionProperties) = preSolution
		HideSolutionNode = FALSE
	EndGlobalSection
	GlobalSection(ExtensibilityGlobals) = postSolution
		SolutionGuid = {5D3B7DD4-0671-4BB3-98C0-A0E447812C7E}
	EndGlobalSection
EndGlobal
